
Microsoft Visual Studio Solution File, Format Version 12.00
# Visual Studio Version 16
VisualStudioVersion = 16.0.31129.286
MinimumVisualStudioVersion = 10.0.40219.1
Project("{9A19103F-16F7-4668-BE54-9A1E7A4F7556}") = "WT1", "WT1\WT1.csproj", "{C32663EA-1B35-4EAB-8D00-694E0CA932A5}"
EndProject
Project("{9A19103F-16F7-4668-BE54-9A1E7A4F7556}") = "WebLabsV05.DAL", "WebLabsV05.DAL\WebLabsV05.DAL.csproj", "{C043FE0D-7937-4CE3-9752-862CD09D9803}"
EndProject
Project("{9A19103F-16F7-4668-BE54-9A1E7A4F7556}") = "WT1.Tests", "WT1.Tests\WT1.Tests.csproj", "{89A77589-5EED-44B4-8B0C-C47C154A8351}"
EndProject
Global
	GlobalSection(SolutionConfigurationPlatforms) = preSolution
		Debug|Any CPU = Debug|Any CPU
		Release|Any CPU = Release|Any CPU
	EndGlobalSection
	GlobalSection(ProjectConfigurationPlatforms) = postSolution
		{C32663EA-1B35-4EAB-8D00-694E0CA932A5}.Debug|Any CPU.ActiveCfg = Debug|Any CPU
		{C32663EA-1B35-4EAB-8D00-694E0CA932A5}.Debug|Any CPU.Build.0 = Debug|Any CPU
		{C32663EA-1B35-4EAB-8D00-694E0CA932A5}.Release|Any CPU.ActiveCfg = Release|Any CPU
		{C32663EA-1B35-4EAB-8D00-694E0CA932A5}.Release|Any CPU.Build.0 = Release|Any CPU
		{C043FE0D-7937-4CE3-9752-862CD09D9803}.Debug|Any CPU.ActiveCfg = Debug|Any CPU
		{C043FE0D-7937-4CE3-9752-862CD09D9803}.Debug|Any CPU.Build.0 = Debug|Any CPU
		{C043FE0D-7937-4CE3-9752-862CD09D9803}.Release|Any CPU.ActiveCfg = Release|Any CPU
		{C043FE0D-7937-4CE3-9752-862CD09D9803}.Release|Any CPU.Build.0 = Release|Any CPU
		{89A77589-5EED-44B4-8B0C-C47C154A8351}.Debug|Any CPU.ActiveCfg = Debug|Any CPU
		{89A77589-5EED-44B4-8B0C-C47C154A8351}.Debug|Any CPU.Build.0 = Debug|Any CPU
		{89A77589-5EED-44B4-8B0C-C47C154A8351}.Release|Any CPU.ActiveCfg = Release|Any CPU
		{89A77589-5EED-44B4-8B0C-C47C154A8351}.Release|Any CPU.Build.0 = Release|Any CPU
	EndGlobalSection
	GlobalSection(SolutionProperties) = preSolution
		HideSolutionNode = FALSE
	EndGlobalSection
	GlobalSection(ExtensibilityGlobals) = postSolution
		SolutionGuid = {34850ABF-DA0F-450A-A4E3-4F5D75275DA3}
	EndGlobalSection
EndGlobal
